
Microsoft Visual Studio Solution File, Format Version 12.00
# Visual Studio Version 17
VisualStudioVersion = 17.12.35707.178
MinimumVisualStudioVersion = 10.0.40219.1
Project("{FAE04EC0-301F-11D3-BF4B-00C04F79EFBC}") = "Hackaton.API", "Hackaton.API\Hackaton.API.csproj", "{ED822C48-5AA2-44E9-8593-B6EB841D88F5}"
EndProject
Project("{FAE04EC0-301F-11D3-BF4B-00C04F79EFBC}") = "Hackaton.Core", "Hackaton.Core\Hackaton.Core.csproj", "{89A99DB7-11C3-4A31-9914-F918B3020E5F}"
EndProject
Project("{FAE04EC0-301F-11D3-BF4B-00C04F79EFBC}") = "Hackaton.Infra", "Hackaton.Infra\Hackaton.Infra.csproj", "{EF302A9A-2CAC-4C40-96E9-6123BBD9049D}"
EndProject
Project("{FAE04EC0-301F-11D3-BF4B-00C04F79EFBC}") = "Hackaton.Shared", "Hackaton.Shared\Hackaton.Shared.csproj", "{70304BCC-FAA8-4E02-86A8-47D51AFA57A5}"
EndProject
Project("{E53339B2-1760-4266-BCC7-CA923CBCF16C}") = "docker-compose", "docker-compose.dcproj", "{7779A0B9-91B7-423B-ADF5-67F892A6AA50}"
EndProject
Project("{FAE04EC0-301F-11D3-BF4B-00C04F79EFBC}") = "Hackaton.Test", "Hackaton.Test\Hackaton.Test.csproj", "{B81A0E4D-D124-4F2E-ACB1-7177C354870C}"
EndProject
Global
	GlobalSection(SolutionConfigurationPlatforms) = preSolution
		Debug|Any CPU = Debug|Any CPU
		Release|Any CPU = Release|Any CPU
	EndGlobalSection
	GlobalSection(ProjectConfigurationPlatforms) = postSolution
		{ED822C48-5AA2-44E9-8593-B6EB841D88F5}.Debug|Any CPU.ActiveCfg = Debug|Any CPU
		{ED822C48-5AA2-44E9-8593-B6EB841D88F5}.Debug|Any CPU.Build.0 = Debug|Any CPU
		{ED822C48-5AA2-44E9-8593-B6EB841D88F5}.Release|Any CPU.ActiveCfg = Release|Any CPU
		{ED822C48-5AA2-44E9-8593-B6EB841D88F5}.Release|Any CPU.Build.0 = Release|Any CPU
		{89A99DB7-11C3-4A31-9914-F918B3020E5F}.Debug|Any CPU.ActiveCfg = Debug|Any CPU
		{89A99DB7-11C3-4A31-9914-F918B3020E5F}.Debug|Any CPU.Build.0 = Debug|Any CPU
		{89A99DB7-11C3-4A31-9914-F918B3020E5F}.Release|Any CPU.ActiveCfg = Release|Any CPU
		{89A99DB7-11C3-4A31-9914-F918B3020E5F}.Release|Any CPU.Build.0 = Release|Any CPU
		{EF302A9A-2CAC-4C40-96E9-6123BBD9049D}.Debug|Any CPU.ActiveCfg = Debug|Any CPU
		{EF302A9A-2CAC-4C40-96E9-6123BBD9049D}.Debug|Any CPU.Build.0 = Debug|Any CPU
		{EF302A9A-2CAC-4C40-96E9-6123BBD9049D}.Release|Any CPU.ActiveCfg = Release|Any CPU
		{EF302A9A-2CAC-4C40-96E9-6123BBD9049D}.Release|Any CPU.Build.0 = Release|Any CPU
		{70304BCC-FAA8-4E02-86A8-47D51AFA57A5}.Debug|Any CPU.ActiveCfg = Debug|Any CPU
		{70304BCC-FAA8-4E02-86A8-47D51AFA57A5}.Debug|Any CPU.Build.0 = Debug|Any CPU
		{70304BCC-FAA8-4E02-86A8-47D51AFA57A5}.Release|Any CPU.ActiveCfg = Release|Any CPU
		{70304BCC-FAA8-4E02-86A8-47D51AFA57A5}.Release|Any CPU.Build.0 = Release|Any CPU
		{7779A0B9-91B7-423B-ADF5-67F892A6AA50}.Debug|Any CPU.ActiveCfg = Debug|Any CPU
		{7779A0B9-91B7-423B-ADF5-67F892A6AA50}.Debug|Any CPU.Build.0 = Debug|Any CPU
		{7779A0B9-91B7-423B-ADF5-67F892A6AA50}.Release|Any CPU.ActiveCfg = Release|Any CPU
		{7779A0B9-91B7-423B-ADF5-67F892A6AA50}.Release|Any CPU.Build.0 = Release|Any CPU
		{B81A0E4D-D124-4F2E-ACB1-7177C354870C}.Debug|Any CPU.ActiveCfg = Debug|Any CPU
		{B81A0E4D-D124-4F2E-ACB1-7177C354870C}.Debug|Any CPU.Build.0 = Debug|Any CPU
		{B81A0E4D-D124-4F2E-ACB1-7177C354870C}.Release|Any CPU.ActiveCfg = Release|Any CPU
		{B81A0E4D-D124-4F2E-ACB1-7177C354870C}.Release|Any CPU.Build.0 = Release|Any CPU
	EndGlobalSection
	GlobalSection(SolutionProperties) = preSolution
		HideSolutionNode = FALSE
	EndGlobalSection
EndGlobal
